// !$*UTF8*$!
{
	archiveVersion = 1;
	classes = {
	};
	objectVersion = 55;
	objects = {

/* Begin PBXBuildFile section */
		CF8102F92870A08B0042540E /* AppDelegate.swift in Sources */ = {isa = PBXBuildFile; fileRef = CF8102F82870A08B0042540E /* AppDelegate.swift */; };
		CF8102FB2870A08B0042540E /* SceneDelegate.swift in Sources */ = {isa = PBXBuildFile; fileRef = CF8102FA2870A08B0042540E /* SceneDelegate.swift */; };
		CF8102FD2870A08B0042540E /* ViewController.swift in Sources */ = {isa = PBXBuildFile; fileRef = CF8102FC2870A08B0042540E /* ViewController.swift */; };
		CF8103002870A08B0042540E /* Main.storyboard in Resources */ = {isa = PBXBuildFile; fileRef = CF8102FE2870A08B0042540E /* Main.storyboard */; };
		CF8103022870A08C0042540E /* Assets.xcassets in Resources */ = {isa = PBXBuildFile; fileRef = CF8103012870A08C0042540E /* Assets.xcassets */; };
		CF8103052870A08C0042540E /* LaunchScreen.storyboard in Resources */ = {isa = PBXBuildFile; fileRef = CF8103032870A08C0042540E /* LaunchScreen.storyboard */; };
		CF81030E2870A1420042540E /* FavoriteVC.swift in Sources */ = {isa = PBXBuildFile; fileRef = CF81030D2870A1420042540E /* FavoriteVC.swift */; };
		CF8103102870A5970042540E /* Shows.swift in Sources */ = {isa = PBXBuildFile; fileRef = CF81030F2870A5970042540E /* Shows.swift */; };
		CF8103122870A8F40042540E /* ShowModel.swift in Sources */ = {isa = PBXBuildFile; fileRef = CF8103112870A8F30042540E /* ShowModel.swift */; };
		CF8103142870D5A90042540E /* CustomTableViewCell.swift in Sources */ = {isa = PBXBuildFile; fileRef = CF8103132870D5A90042540E /* CustomTableViewCell.swift */; };
		CF81033828710BD40042540E /* DetailViewController.swift in Sources */ = {isa = PBXBuildFile; fileRef = CF81033728710BD40042540E /* DetailViewController.swift */; };
/* End PBXBuildFile section */

/* Begin PBXFileReference section */
		CF8102F52870A08B0042540E /* PruebaTest1.app */ = {isa = PBXFileReference; explicitFileType = wrapper.application; includeInIndex = 0; path = PruebaTest1.app; sourceTree = BUILT_PRODUCTS_DIR; };
		CF8102F82870A08B0042540E /* AppDelegate.swift */ = {isa = PBXFileReference; lastKnownFileType = sourcecode.swift; path = AppDelegate.swift; sourceTree = "<group>"; };
		CF8102FA2870A08B0042540E /* SceneDelegate.swift */ = {isa = PBXFileReference; lastKnownFileType = sourcecode.swift; path = SceneDelegate.swift; sourceTree = "<group>"; };
		CF8102FC2870A08B0042540E /* ViewController.swift */ = {isa = PBXFileReference; lastKnownFileType = sourcecode.swift; path = ViewController.swift; sourceTree = "<group>"; };
		CF8102FF2870A08B0042540E /* Base */ = {isa = PBXFileReference; lastKnownFileType = file.storyboard; name = Base; path = Base.lproj/Main.storyboard; sourceTree = "<group>"; };
		CF8103012870A08C0042540E /* Assets.xcassets */ = {isa = PBXFileReference; lastKnownFileType = folder.assetcatalog; path = Assets.xcassets; sourceTree = "<group>"; };
		CF8103042870A08C0042540E /* Base */ = {isa = PBXFileReference; lastKnownFileType = file.storyboard; name = Base; path = Base.lproj/LaunchScreen.storyboard; sourceTree = "<group>"; };
		CF8103062870A08C0042540E /* Info.plist */ = {isa = PBXFileReference; lastKnownFileType = text.plist.xml; path = Info.plist; sourceTree = "<group>"; };
		CF81030D2870A1420042540E /* FavoriteVC.swift */ = {isa = PBXFileReference; lastKnownFileType = sourcecode.swift; path = FavoriteVC.swift; sourceTree = "<group>"; };
		CF81030F2870A5970042540E /* Shows.swift */ = {isa = PBXFileReference; lastKnownFileType = sourcecode.swift; path = Shows.swift; sourceTree = "<group>"; };
		CF8103112870A8F30042540E /* ShowModel.swift */ = {isa = PBXFileReference; lastKnownFileType = sourcecode.swift; path = ShowModel.swift; sourceTree = "<group>"; };
		CF8103132870D5A90042540E /* CustomTableViewCell.swift */ = {isa = PBXFileReference; lastKnownFileType = sourcecode.swift; path = CustomTableViewCell.swift; sourceTree = "<group>"; };
		CF81033728710BD40042540E /* DetailViewController.swift */ = {isa = PBXFileReference; lastKnownFileType = sourcecode.swift; path = DetailViewController.swift; sourceTree = "<group>"; };
/* End PBXFileReference section */

/* Begin PBXFrameworksBuildPhase section */
		CF8102F22870A08B0042540E /* Frameworks */ = {
			isa = PBXFrameworksBuildPhase;
			buildActionMask = 2147483647;
			files = (
			);
			runOnlyForDeploymentPostprocessing = 0;
		};
/* End PBXFrameworksBuildPhase section */

/* Begin PBXGroup section */
		CF8102EC2870A08B0042540E = {
			isa = PBXGroup;
			children = (
				CF8102F72870A08B0042540E /* PruebaTest1 */,
				CF8102F62870A08B0042540E /* Products */,
			);
			sourceTree = "<group>";
		};
		CF8102F62870A08B0042540E /* Products */ = {
			isa = PBXGroup;
			children = (
				CF8102F52870A08B0042540E /* PruebaTest1.app */,
			);
			name = Products;
			sourceTree = "<group>";
		};
		CF8102F72870A08B0042540E /* PruebaTest1 */ = {
			isa = PBXGroup;
			children = (
				CF81033C287114EB0042540E /* Api */,
				CF81033B287114C30042540E /* Controller */,
				CF81033A287114BB0042540E /* View */,
				CF810339287114B50042540E /* Model */,
				CF8102F82870A08B0042540E /* AppDelegate.swift */,
				CF8102FA2870A08B0042540E /* SceneDelegate.swift */,
				CF8103012870A08C0042540E /* Assets.xcassets */,
				CF8103032870A08C0042540E /* LaunchScreen.storyboard */,
				CF8103062870A08C0042540E /* Info.plist */,
			);
			path = PruebaTest1;
			sourceTree = "<group>";
		};
		CF810339287114B50042540E /* Model */ = {
			isa = PBXGroup;
			children = (
				CF8103112870A8F30042540E /* ShowModel.swift */,
			);
			path = Model;
			sourceTree = "<group>";
		};
		CF81033A287114BB0042540E /* View */ = {
			isa = PBXGroup;
			children = (
				CF8103132870D5A90042540E /* CustomTableViewCell.swift */,
				CF8102FE2870A08B0042540E /* Main.storyboard */,
			);
			path = View;
			sourceTree = "<group>";
		};
		CF81033B287114C30042540E /* Controller */ = {
			isa = PBXGroup;
			children = (
				CF81033728710BD40042540E /* DetailViewController.swift */,
				CF81030D2870A1420042540E /* FavoriteVC.swift */,
				CF8102FC2870A08B0042540E /* ViewController.swift */,
			);
			path = Controller;
			sourceTree = "<group>";
		};
		CF81033C287114EB0042540E /* Api */ = {
			isa = PBXGroup;
			children = (
				CF81030F2870A5970042540E /* Shows.swift */,
			);
			path = Api;
			sourceTree = "<group>";
		};
/* End PBXGroup section */

/* Begin PBXNativeTarget section */
		CF8102F42870A08B0042540E /* PruebaTest1 */ = {
			isa = PBXNativeTarget;
			buildConfigurationList = CF8103092870A08C0042540E /* Build configuration list for PBXNativeTarget "PruebaTest1" */;
			buildPhases = (
				CF8102F12870A08B0042540E /* Sources */,
				CF8102F22870A08B0042540E /* Frameworks */,
				CF8102F32870A08B0042540E /* Resources */,
			);
			buildRules = (
			);
			dependencies = (
			);
			name = PruebaTest1;
			productName = PruebaTest1;
			productReference = CF8102F52870A08B0042540E /* PruebaTest1.app */;
			productType = "com.apple.product-type.application";
		};
/* End PBXNativeTarget section */

/* Begin PBXProject section */
		CF8102ED2870A08B0042540E /* Project object */ = {
			isa = PBXProject;
			attributes = {
				BuildIndependentTargetsInParallel = 1;
				LastSwiftUpdateCheck = 1340;
				LastUpgradeCheck = 1340;
				TargetAttributes = {
					CF8102F42870A08B0042540E = {
						CreatedOnToolsVersion = 13.4.1;
					};
				};
			};
			buildConfigurationList = CF8102F02870A08B0042540E /* Build configuration list for PBXProject "PruebaTest1" */;
			compatibilityVersion = "Xcode 13.0";
			developmentRegion = en;
			hasScannedForEncodings = 0;
			knownRegions = (
				en,
				Base,
			);
			mainGroup = CF8102EC2870A08B0042540E;
			productRefGroup = CF8102F62870A08B0042540E /* Products */;
			projectDirPath = "";
			projectRoot = "";
			targets = (
				CF8102F42870A08B0042540E /* PruebaTest1 */,
			);
		};
/* End PBXProject section */

/* Begin PBXResourcesBuildPhase section */
		CF8102F32870A08B0042540E /* Resources */ = {
			isa = PBXResourcesBuildPhase;
			buildActionMask = 2147483647;
			files = (
				CF8103052870A08C0042540E /* LaunchScreen.storyboard in Resources */,
				CF8103022870A08C0042540E /* Assets.xcassets in Resources */,
				CF8103002870A08B0042540E /* Main.storyboard in Resources */,
			);
			runOnlyForDeploymentPostprocessing = 0;
		};
/* End PBXResourcesBuildPhase section */

/* Begin PBXSourcesBuildPhase section */
		CF8102F12870A08B0042540E /* Sources */ = {
			isa = PBXSourcesBuildPhase;
			buildActionMask = 2147483647;
			files = (
				CF8103122870A8F40042540E /* ShowModel.swift in Sources */,
				CF8103102870A5970042540E /* Shows.swift in Sources */,
				CF81030E2870A1420042540E /* FavoriteVC.swift in Sources */,
				CF8103142870D5A90042540E /* CustomTableViewCell.swift in Sources */,
				CF8102FD2870A08B0042540E /* ViewController.swift in Sources */,
				CF8102F92870A08B0042540E /* AppDelegate.swift in Sources */,
				CF8102FB2870A08B0042540E /* SceneDelegate.swift in Sources */,
				CF81033828710BD40042540E /* DetailViewController.swift in Sources */,
			);
			runOnlyForDeploymentPostprocessing = 0;
		};
/* End PBXSourcesBuildPhase section */

/* Begin PBXVariantGroup section */
		CF8102FE2870A08B0042540E /* Main.storyboard */ = {
			isa = PBXVariantGroup;
			children = (
				CF8102FF2870A08B0042540E /* Base */,
			);
			name = Main.storyboard;
			sourceTree = "<group>";
		};
		CF8103032870A08C0042540E /* LaunchScreen.storyboard */ = {
			isa = PBXVariantGroup;
			children = (
				CF8103042870A08C0042540E /* Base */,
			);
			name = LaunchScreen.storyboard;
			sourceTree = "<group>";
		};
/* End PBXVariantGroup section */

/* Begin XCBuildConfiguration section */
		CF8103072870A08C0042540E /* Debug */ = {
			isa = XCBuildConfiguration;
			buildSettings = {
				ALWAYS_SEARCH_USER_PATHS = NO;
				CLANG_ANALYZER_NONNULL = YES;
				CLANG_ANALYZER_NUMBER_OBJECT_CONVERSION = YES_AGGRESSIVE;
				CLANG_CXX_LANGUAGE_STANDARD = "gnu++17";
				CLANG_ENABLE_MODULES = YES;
				CLANG_ENABLE_OBJC_ARC = YES;
				CLANG_ENABLE_OBJC_WEAK = YES;
				CLANG_WARN_BLOCK_CAPTURE_AUTORELEASING = YES;
				CLANG_WARN_BOOL_CONVERSION = YES;
				CLANG_WARN_COMMA = YES;
				CLANG_WARN_CONSTANT_CONVERSION = YES;
				CLANG_WARN_DEPRECATED_OBJC_IMPLEMENTATIONS = YES;
				CLANG_WARN_DIRECT_OBJC_ISA_USAGE = YES_ERROR;
				CLANG_WARN_DOCUMENTATION_COMMENTS = YES;
				CLANG_WARN_EMPTY_BODY = YES;
				CLANG_WARN_ENUM_CONVERSION = YES;
				CLANG_WARN_INFINITE_RECURSION = YES;
				CLANG_WARN_INT_CONVERSION = YES;
				CLANG_WARN_NON_LITERAL_NULL_CONVERSION = YES;
				CLANG_WARN_OBJC_IMPLICIT_RETAIN_SELF = YES;
				CLANG_WARN_OBJC_LITERAL_CONVERSION = YES;
				CLANG_WARN_OBJC_ROOT_CLASS = YES_ERROR;
				CLANG_WARN_QUOTED_INCLUDE_IN_FRAMEWORK_HEADER = YES;
				CLANG_WARN_RANGE_LOOP_ANALYSIS = YES;
				CLANG_WARN_STRICT_PROTOTYPES = YES;
				CLANG_WARN_SUSPICIOUS_MOVE = YES;
				CLANG_WARN_UNGUARDED_AVAILABILITY = YES_AGGRESSIVE;
				CLANG_WARN_UNREACHABLE_CODE = YES;
				CLANG_WARN__DUPLICATE_METHOD_MATCH = YES;
				COPY_PHASE_STRIP = NO;
				DEBUG_INFORMATION_FORMAT = dwarf;
				ENABLE_STRICT_OBJC_MSGSEND = YES;
				ENABLE_TESTABILITY = YES;
				GCC_C_LANGUAGE_STANDARD = gnu11;
				GCC_DYNAMIC_NO_PIC = NO;
				GCC_NO_COMMON_BLOCKS = YES;
				GCC_OPTIMIZATION_LEVEL = 0;
				GCC_PREPROCESSOR_DEFINITIONS = (
					"DEBUG=1",
					"$(inherited)",
				);
				GCC_WARN_64_TO_32_BIT_CONVERSION = YES;
				GCC_WARN_ABOUT_RETURN_TYPE = YES_ERROR;
				GCC_WARN_UNDECLARED_SELECTOR = YES;
				GCC_WARN_UNINITIALIZED_AUTOS = YES_AGGRESSIVE;
				GCC_WARN_UNUSED_FUNCTION = YES;
				GCC_WARN_UNUSED_VARIABLE = YES;
				IPHONEOS_DEPLOYMENT_TARGET = 15.5;
				MTL_ENABLE_DEBUG_INFO = INCLUDE_SOURCE;
				MTL_FAST_MATH = YES;
				ONLY_ACTIVE_ARCH = YES;
				SDKROOT = iphoneos;
				SWIFT_ACTIVE_COMPILATION_CONDITIONS = DEBUG;
				SWIFT_OPTIMIZATION_LEVEL = "-Onone";
			};
			name = Debug;
		};
		CF8103082870A08C0042540E /* Release */ = {
			isa = XCBuildConfiguration;
			buildSettings = {
				ALWAYS_SEARCH_USER_PATHS = NO;
				CLANG_ANALYZER_NONNULL = YES;
				CLANG_ANALYZER_NUMBER_OBJECT_CONVERSION = YES_AGGRESSIVE;
				CLANG_CXX_LANGUAGE_STANDARD = "gnu++17";
				CLANG_ENABLE_MODULES = YES;
				CLANG_ENABLE_OBJC_ARC = YES;
				CLANG_ENABLE_OBJC_WEAK = YES;
				CLANG_WARN_BLOCK_CAPTURE_AUTORELEASING = YES;
				CLANG_WARN_BOOL_CONVERSION = YES;
				CLANG_WARN_COMMA = YES;
				CLANG_WARN_CONSTANT_CONVERSION = YES;
				CLANG_WARN_DEPRECATED_OBJC_IMPLEMENTATIONS = YES;
				CLANG_WARN_DIRECT_OBJC_ISA_USAGE = YES_ERROR;
				CLANG_WARN_DOCUMENTATION_COMMENTS = YES;
				CLANG_WARN_EMPTY_BODY = YES;
				CLANG_WARN_ENUM_CONVERSION = YES;
				CLANG_WARN_INFINITE_RECURSION = YES;
				CLANG_WARN_INT_CONVERSION = YES;
				CLANG_WARN_NON_LITERAL_NULL_CONVERSION = YES;
				CLANG_WARN_OBJC_IMPLICIT_RETAIN_SELF = YES;
				CLANG_WARN_OBJC_LITERAL_CONVERSION = YES;
				CLANG_WARN_OBJC_ROOT_CLASS = YES_ERROR;
				CLANG_WARN_QUOTED_INCLUDE_IN_FRAMEWORK_HEADER = YES;
				CLANG_WARN_RANGE_LOOP_ANALYSIS = YES;
				CLANG_WARN_STRICT_PROTOTYPES = YES;
				CLANG_WARN_SUSPICIOUS_MOVE = YES;
				CLANG_WARN_UNGUARDED_AVAILABILITY = YES_AGGRESSIVE;
				CLANG_WARN_UNREACHABLE_CODE = YES;
				CLANG_WARN__DUPLICATE_METHOD_MATCH = YES;
				COPY_PHASE_STRIP = NO;
				DEBUG_INFORMATION_FORMAT = "dwarf-with-dsym";
				ENABLE_NS_ASSERTIONS = NO;
				ENABLE_STRICT_OBJC_MSGSEND = YES;
				GCC_C_LANGUAGE_STANDARD = gnu11;
				GCC_NO_COMMON_BLOCKS = YES;
				GCC_WARN_64_TO_32_BIT_CONVERSION = YES;
				GCC_WARN_ABOUT_RETURN_TYPE = YES_ERROR;
				GCC_WARN_UNDECLARED_SELECTOR = YES;
				GCC_WARN_UNINITIALIZED_AUTOS = YES_AGGRESSIVE;
				GCC_WARN_UNUSED_FUNCTION = YES;
				GCC_WARN_UNUSED_VARIABLE = YES;
				IPHONEOS_DEPLOYMENT_TARGET = 15.5;
				MTL_ENABLE_DEBUG_INFO = NO;
				MTL_FAST_MATH = YES;
				SDKROOT = iphoneos;
				SWIFT_COMPILATION_MODE = wholemodule;
				SWIFT_OPTIMIZATION_LEVEL = "-O";
				VALIDATE_PRODUCT = YES;
			};
			name = Release;
		};
		CF81030A2870A08C0042540E /* Debug */ = {
			isa = XCBuildConfiguration;
			buildSettings = {
				ASSETCATALOG_COMPILER_APPICON_NAME = AppIcon;
				ASSETCATALOG_COMPILER_GLOBAL_ACCENT_COLOR_NAME = AccentColor;
				CODE_SIGN_STYLE = Automatic;
				CURRENT_PROJECT_VERSION = 1;
				DEVELOPMENT_TEAM = G82XMHQM7U;
				GENERATE_INFOPLIST_FILE = YES;
				INFOPLIST_FILE = PruebaTest1/Info.plist;
				INFOPLIST_KEY_UIApplicationSupportsIndirectInputEvents = YES;
				INFOPLIST_KEY_UILaunchStoryboardName = LaunchScreen;
				INFOPLIST_KEY_UIMainStoryboardFile = Main;
				INFOPLIST_KEY_UISupportedInterfaceOrientations_iPad = "UIInterfaceOrientationPortrait UIInterfaceOrientationPortraitUpsideDown UIInterfaceOrientationLandscapeLeft UIInterfaceOrientationLandscapeRight";
				INFOPLIST_KEY_UISupportedInterfaceOrientations_iPhone = "UIInterfaceOrientationPortrait UIInterfaceOrientationLandscapeLeft UIInterfaceOrientationLandscapeRight";
				LD_RUNPATH_SEARCH_PATHS = (
					"$(inherited)",
					"@executable_path/Frameworks",
				);
				MARKETING_VERSION = 1.0;
				PRODUCT_BUNDLE_IDENTIFIER = com.katy.prueba.PruebaTest1;
				PRODUCT_NAME = "$(TARGET_NAME)";
				SWIFT_EMIT_LOC_STRINGS = YES;
				SWIFT_VERSION = 5.0;
				TARGETED_DEVICE_FAMILY = "1,2";
			};
			name = Debug;
		};
		CF81030B2870A08C0042540E /* Release */ = {
			isa = XCBuildConfiguration;
			buildSettings = {
				ASSETCATALOG_COMPILER_APPICON_NAME = AppIcon;
				ASSETCATALOG_COMPILER_GLOBAL_ACCENT_COLOR_NAME = AccentColor;
				CODE_SIGN_STYLE = Automatic;
				CURRENT_PROJECT_VERSION = 1;
				DEVELOPMENT_TEAM = G82XMHQM7U;
				GENERATE_INFOPLIST_FILE = YES;
				INFOPLIST_FILE = PruebaTest1/Info.plist;
				INFOPLIST_KEY_UIApplicationSupportsIndirectInputEvents = YES;
				INFOPLIST_KEY_UILaunchStoryboardName = LaunchScreen;
				INFOPLIST_KEY_UIMainStoryboardFile = Main;
				INFOPLIST_KEY_UISupportedInterfaceOrientations_iPad = "UIInterfaceOrientationPortrait UIInterfaceOrientationPortraitUpsideDown UIInterfaceOrientationLandscapeLeft UIInterfaceOrientationLandscapeRight";
				INFOPLIST_KEY_UISupportedInterfaceOrientations_iPhone = "UIInterfaceOrientationPortrait UIInterfaceOrientationLandscapeLeft UIInterfaceOrientationLandscapeRight";
				LD_RUNPATH_SEARCH_PATHS = (
					"$(inherited)",
					"@executable_path/Frameworks",
				);
				MARKETING_VERSION = 1.0;
				PRODUCT_BUNDLE_IDENTIFIER = com.katy.prueba.PruebaTest1;
				PRODUCT_NAME = "$(TARGET_NAME)";
				SWIFT_EMIT_LOC_STRINGS = YES;
				SWIFT_VERSION = 5.0;
				TARGETED_DEVICE_FAMILY = "1,2";
			};
			name = Release;
		};
/* End XCBuildConfiguration section */

/* Begin XCConfigurationList section */
		CF8102F02870A08B0042540E /* Build configuration list for PBXProject "PruebaTest1" */ = {
			isa = XCConfigurationList;
			buildConfigurations = (
				CF8103072870A08C0042540E /* Debug */,
				CF8103082870A08C0042540E /* Release */,
			);
			defaultConfigurationIsVisible = 0;
			defaultConfigurationName = Release;
		};
		CF8103092870A08C0042540E /* Build configuration list for PBXNativeTarget "PruebaTest1" */ = {
			isa = XCConfigurationList;
			buildConfigurations = (
				CF81030A2870A08C0042540E /* Debug */,
				CF81030B2870A08C0042540E /* Release */,
			);
			defaultConfigurationIsVisible = 0;
			defaultConfigurationName = Release;
		};
/* End XCConfigurationList section */
	};
	rootObject = CF8102ED2870A08B0042540E /* Project object */;
}
